github.com/alekceev/gosearcher v1.0.0 h1:DkysF85ph1ePyBi8RBsZ+aEfY7NOYO/d4kdO2D4XLzA=
github.com/alekceev/gosearcher v1.0.0/go.mod h1:j+iiOvRpGUh1rTaW0fH36LMOyt++7oOqNTyMV+vNcSw=
github.com/alekceev/gosearcher v1.0.1 h1:9oM0+BTE8CnB6m/eQDh4hhkJwFYZugrr6O7KTVXbQD0=
github.com/alekceev/gosearcher v1.0.1/go.mod h1:j+iiOvRpGUh1rTaW0fH36LMOyt++7oOqNTyMV+vNcSw=
github.com/alekceev/gosearcher/v2 v2.0.1 h1:jhuh/HH2ZYAZdgaWl++HWeFp17kmyMvv5b6I3h+nX68=
github.com/alekceev/gosearcher/v2 v2.0.1/go.mod h1:Z6WJH1SwN03/oRHJe6/7IxD3KhZwaJjax8YyQT22PRc=
