github.com/alekceev/gosearcher v1.0.0 h1:DkysF85ph1ePyBi8RBsZ+aEfY7NOYO/d4kdO2D4XLzA=
github.com/alekceev/gosearcher v1.0.0/go.mod h1:j+iiOvRpGUh1rTaW0fH36LMOyt++7oOqNTyMV+vNcSw=
github.com/alekceev/gosearcher v1.0.1 h1:9oM0+BTE8CnB6m/eQDh4hhkJwFYZugrr6O7KTVXbQD0=
github.com/alekceev/gosearcher v1.0.1/go.mod h1:j+iiOvRpGUh1rTaW0fH36LMOyt++7oOqNTyMV+vNcSw=
